
Microsoft Visual Studio Solution File, Format Version 12.00
# Visual Studio Version 17
VisualStudioVersion = 17.14.36408.4 d17.14
MinimumVisualStudioVersion = 10.0.40219.1
Project("{FAE04EC0-301F-11D3-BF4B-00C04F79EFBC}") = "HUD_Challenge", "HUD_Challenge\HUD_Challenge.csproj", "{F5614708-9C1A-4AF8-B70B-0E8A3217E34B}"
EndProject
Global
	GlobalSection(SolutionConfigurationPlatforms) = preSolution
		Debug|Any CPU = Debug|Any CPU
		Release|Any CPU = Release|Any CPU
	EndGlobalSection
	GlobalSection(ProjectConfigurationPlatforms) = postSolution
		{F5614708-9C1A-4AF8-B70B-0E8A3217E34B}.Debug|Any CPU.ActiveCfg = Debug|Any CPU
		{F5614708-9C1A-4AF8-B70B-0E8A3217E34B}.Debug|Any CPU.Build.0 = Debug|Any CPU
		{F5614708-9C1A-4AF8-B70B-0E8A3217E34B}.Release|Any CPU.ActiveCfg = Release|Any CPU
		{F5614708-9C1A-4AF8-B70B-0E8A3217E34B}.Release|Any CPU.Build.0 = Release|Any CPU
	EndGlobalSection
	GlobalSection(SolutionProperties) = preSolution
		HideSolutionNode = FALSE
	EndGlobalSection
	GlobalSection(ExtensibilityGlobals) = postSolution
		SolutionGuid = {6DBF9126-4BC5-453B-85F4-77781DD60C23}
	EndGlobalSection
EndGlobal
